
Microsoft Visual Studio Solution File, Format Version 12.00
# Visual Studio Version 17
VisualStudioVersion = 17.0.31903.59
MinimumVisualStudioVersion = 10.0.40219.1
Project("{FAE04EC0-301F-11D3-BF4B-00C04F79EFBC}") = "Shared.Host", "Shared.Host\Shared.Host.csproj", "{CCED2DDA-7BA5-48FA-8482-2CAFB6FDF3ED}"
EndProject
Project("{FAE04EC0-301F-11D3-BF4B-00C04F79EFBC}") = "Shared.Host.Test", "Shared.Host.Test\Shared.Host.Test.csproj", "{BC6DD95E-5001-43E1-AA86-D2E07E78A1A6}"
EndProject
Global
	GlobalSection(SolutionConfigurationPlatforms) = preSolution
		Debug|Any CPU = Debug|Any CPU
		Release|Any CPU = Release|Any CPU
	EndGlobalSection
	GlobalSection(SolutionProperties) = preSolution
		HideSolutionNode = FALSE
	EndGlobalSection
	GlobalSection(ProjectConfigurationPlatforms) = postSolution
		{CCED2DDA-7BA5-48FA-8482-2CAFB6FDF3ED}.Debug|Any CPU.ActiveCfg = Debug|Any CPU
		{CCED2DDA-7BA5-48FA-8482-2CAFB6FDF3ED}.Debug|Any CPU.Build.0 = Debug|Any CPU
		{CCED2DDA-7BA5-48FA-8482-2CAFB6FDF3ED}.Release|Any CPU.ActiveCfg = Release|Any CPU
		{CCED2DDA-7BA5-48FA-8482-2CAFB6FDF3ED}.Release|Any CPU.Build.0 = Release|Any CPU
		{BC6DD95E-5001-43E1-AA86-D2E07E78A1A6}.Debug|Any CPU.ActiveCfg = Debug|Any CPU
		{BC6DD95E-5001-43E1-AA86-D2E07E78A1A6}.Debug|Any CPU.Build.0 = Debug|Any CPU
		{BC6DD95E-5001-43E1-AA86-D2E07E78A1A6}.Release|Any CPU.ActiveCfg = Release|Any CPU
		{BC6DD95E-5001-43E1-AA86-D2E07E78A1A6}.Release|Any CPU.Build.0 = Release|Any CPU
	EndGlobalSection
EndGlobal
