{
  "version": 2,
  "dependencies": {
    "net10.0": {
      "Microsoft.AspNetCore.Authentication.JwtBearer": {
        "type": "Direct",
        "requested": "[10.0.9, )",
        "resolved": "10.0.9",
        "contentHash": "Hs5NDsGm8YicDDNx5RoBIT+H2AB9R27MvZ2gHoupTiHr+nnH3VxzY7DcmlbJ3b5DvvOhK35lWt/9Odtrq9sjtA==",
        "dependencies": {
          "Microsoft.IdentityModel.Protocols.OpenIdConnect": "8.0.1"
        }
      },
      "Microsoft.AspNetCore.OpenApi": {
        "type": "Direct",
        "requested": "[10.0.9, )",
        "resolved": "10.0.9",
        "contentHash": "1ihb8FO9cGgEK1/m3CTtT/SfnynwmiZib0W2pcDVj3KSWk/Sca4VOXEtaptKQc582zpFrzTFiwkGRCglt6H+WQ==",
        "dependencies": {
          "Microsoft.OpenApi": "2.0.0"
        }
      },
      "Microsoft.CodeAnalysis.BannedApiAnalyzers": {
        "type": "Direct",
        "requested": "[3.3.4, )",
        "resolved": "3.3.4",
        "contentHash": "0k2Jwpc8eq0hjOtX6TxRkHm9clkJ2PAQ3heEHgqIJZcsfdFosC/iyz18nsgTVDDWpID80rC7aiYK7ripx+Qndg=="
      },
      "Microsoft.VisualStudio.Threading.Analyzers": {
        "type": "Direct",
        "requested": "[17.14.15, )",
        "resolved": "17.14.15",
        "contentHash": "mXQPJsbuUD2ydq4/ffd8h8tSOFCXec+2xJOVNCvXjuMOq/+5EKHq3D2m2MC2+nUaXeFMSt66VS/J4HdKBixgcw=="
      },
      "Nullable.Extended.Analyzer": {
        "type": "Direct",
        "requested": "[1.15.6581, )",
        "resolved": "1.15.6581",
        "contentHash": "lQ025E+aNR34QfXvRiHxNXTHK6JBkvpIIZD2IMk8QyROTZAkqs+PFasEa2xkIC+cN2C0Mw5MRnhX/Wrmz/qKfw=="
      },
      "SignalRSwaggerGen": {
        "type": "Direct",
        "requested": "[4.9.0, )",
        "resolved": "4.9.0",
        "contentHash": "QkrwbNZ3qQ6ORpxT3ZJe9NyhYcqhVDHWMKbEMbDDcWw03gYOKqVX4FdmcUnCpq/nBMYpzoRlwgbgczX7rfc3Xg==",
        "dependencies": {
          "SignalRSwaggerGen.Utils": "1.8.0",
          "Swashbuckle.AspNetCore.SwaggerGen": "10.0.0"
        }
      },
      "Swashbuckle.AspNetCore": {
        "type": "Direct",
        "requested": "[10.2.1, )",
        "resolved": "10.2.1",
        "contentHash": "SDU6akgCV/H4jFMRfyJ0mgO5jWOuuAqekvEThXg8c/LjnfNz5Nkaz+RUpeTVJKWIRX4wDKC/6R3ogJ4AsRE32A==",
        "dependencies": {
          "Microsoft.Extensions.ApiDescription.Server": "10.0.0",
          "Swashbuckle.AspNetCore.Swagger": "10.2.1",
          "Swashbuckle.AspNetCore.SwaggerGen": "10.2.1",
          "Swashbuckle.AspNetCore.SwaggerUI": "10.2.1"
        }
      },
      "Tetractic.CodeAnalysis.ExceptionAnalyzers": {
        "type": "Direct",
        "requested": "[1.4.9, )",
        "resolved": "1.4.9",
        "contentHash": "OekYnVuwDReSTRSJeZiA+tFrh5S2VKot87IgIe7trqgIAjE6/EZw5TTRQyRAeDPX3wGitHFlzgfvqDRXqRrWSw=="
      },
      "Microsoft.Extensions.ApiDescription.Server": {
        "type": "Transitive",
        "resolved": "10.0.0",
        "contentHash": "NCWCGiwRwje8773yzPQhvucYnnfeR+ZoB1VRIrIMp4uaeUNw7jvEPHij3HIbwCDuNCrNcphA00KSAR9yD9qmbg=="
      },
      "Microsoft.IdentityModel.Abstractions": {
        "type": "Transitive",
        "resolved": "8.0.1",
        "contentHash": "OtlIWcyX01olfdevPKZdIPfBEvbcioDyBiE/Z2lHsopsMD7twcKtlN9kMevHmI5IIPhFpfwCIiR6qHQz1WHUIw=="
      },
      "Microsoft.IdentityModel.JsonWebTokens": {
        "type": "Transitive",
        "resolved": "8.0.1",
        "contentHash": "s6++gF9x0rQApQzOBbSyp4jUaAlwm+DroKfL8gdOHxs83k8SJfUXhuc46rDB3rNXBQ1MVRxqKUrqFhO/M0E97g==",
        "dependencies": {
          "Microsoft.IdentityModel.Tokens": "8.0.1"
        }
      },
      "Microsoft.IdentityModel.Logging": {
        "type": "Transitive",
        "resolved": "8.0.1",
        "contentHash": "UCPF2exZqBXe7v/6sGNiM6zCQOUXXQ9+v5VTb9gPB8ZSUPnX53BxlN78v2jsbIvK9Dq4GovQxo23x8JgWvm/Qg==",
        "dependencies": {
          "Microsoft.IdentityModel.Abstractions": "8.0.1"
        }
      },
      "Microsoft.IdentityModel.Protocols": {
        "type": "Transitive",
        "resolved": "8.0.1",
        "contentHash": "uA2vpKqU3I2mBBEaeJAWPTjT9v1TZrGWKdgK6G5qJd03CLx83kdiqO9cmiK8/n1erkHzFBwU/RphP83aAe3i3g==",
        "dependencies": {
          "Microsoft.IdentityModel.Tokens": "8.0.1"
        }
      },
      "Microsoft.IdentityModel.Protocols.OpenIdConnect": {
        "type": "Transitive",
        "resolved": "8.0.1",
        "contentHash": "AQDbfpL+yzuuGhO/mQhKNsp44pm5Jv8/BI4KiFXR7beVGZoSH35zMV3PrmcfvSTsyI6qrcR898NzUauD6SRigg==",
        "dependencies": {
          "Microsoft.IdentityModel.Protocols": "8.0.1",
          "System.IdentityModel.Tokens.Jwt": "8.0.1"
        }
      },
      "Microsoft.IdentityModel.Tokens": {
        "type": "Transitive",
        "resolved": "8.0.1",
        "contentHash": "kDimB6Dkd3nkW2oZPDkMkVHfQt3IDqO5gL0oa8WVy3OP4uE8Ij+8TXnqg9TOd9ufjsY3IDiGz7pCUbnfL18tjg==",
        "dependencies": {
          "Microsoft.IdentityModel.Logging": "8.0.1"
        }
      },
      "Microsoft.OpenApi": {
        "type": "Transitive",
        "resolved": "2.7.5",
        "contentHash": "0FA67RSnRM4tcBKqiqVu/HPdZ9+QOKbmeRjxRUGTCjPU4C0bmUhd97Dso7Yild5P7nOV6GxJ2xrK0Kv/O9xp0w=="
      },
      "SignalRSwaggerGen.Core": {
        "type": "Transitive",
        "resolved": "1.6.0",
        "contentHash": "tAJITZidhegUgOzUqrID1Mw9JOPYDEpH2uEw5buIydaP2udaZ1VC6xTjlsz9LNZdyFm9B8ljLXllJlK2ocJHSg=="
      },
      "SignalRSwaggerGen.Utils": {
        "type": "Transitive",
        "resolved": "1.8.0",
        "contentHash": "TZPowTlUojfTWbS+wlWBXNIcVbStJwMeiv3sVQkLoNgAp61AEgr6epAskKaFTeK7mh9melSkmznqhuJsOnDJTQ==",
        "dependencies": {
          "SignalRSwaggerGen.Core": "1.6.0"
        }
      },
      "Swashbuckle.AspNetCore.Swagger": {
        "type": "Transitive",
        "resolved": "10.2.1",
        "contentHash": "ej4inPhiWCq+0utG8yaKhIhE8M3k3R/qRaGhpgDZB+O/s+o62/zRMO1Cn2CtQccsrqPE9PYnzCp6hQGYGpJOyQ==",
        "dependencies": {
          "Microsoft.OpenApi": "2.7.5"
        }
      },
      "Swashbuckle.AspNetCore.SwaggerGen": {
        "type": "Transitive",
        "resolved": "10.2.1",
        "contentHash": "JYX6i/y0xEtQWH/hZyfcage1/ldwww83ueD/gBc34uSnMwyvRLUsOpYcxlliFFxFbZMrY6t+R9ENqolE7zTEOg==",
        "dependencies": {
          "Swashbuckle.AspNetCore.Swagger": "10.2.1"
        }
      },
      "Swashbuckle.AspNetCore.SwaggerUI": {
        "type": "Transitive",
        "resolved": "10.2.1",
        "contentHash": "vzB8ZAGqXus3fdareJ9GHctaRP9ZL+wW9x8U7s1Y+BWprInFvSg6rpD9VhANNpwXA8fUHqu5Agjl/+hHG1BCQA=="
      },
      "System.IdentityModel.Tokens.Jwt": {
        "type": "Transitive",
        "resolved": "8.0.1",
        "contentHash": "GJw3bYkWpOgvN3tJo5X4lYUeIFA2HD293FPUhKmp7qxS+g5ywAb34Dnd3cDAFLkcMohy5XTpoaZ4uAHuw0uSPQ==",
        "dependencies": {
          "Microsoft.IdentityModel.JsonWebTokens": "8.0.1",
          "Microsoft.IdentityModel.Tokens": "8.0.1"
        }
      }
    }
  }
}